{
  "version": "5",
  "specifiers": {
    "jsr:@std/data-structures@1.0.9": "1.0.9"
  },
  "jsr": {
    "@std/data-structures@1.0.9": {
      "integrity": "033d6e17e64bf1f84a614e647c1b015fa2576ae3312305821e1a4cb20674bb4d"
    }
  },
  "workspace": {
    "dependencies": [
      "jsr:@std/assert@1"
    ]
  }
}
